
Microsoft Visual Studio Solution File, Format Version 12.00
# Visual Studio 2012
Project("{FAE04EC0-301F-11D3-BF4B-00C04F79EFBC}") = "ProgrammaticReportGen", "ProgrammaticReportGen\ProgrammaticReportGen.csproj", "{DC851A21-6727-42F3-AFBE-86F05C8A96DD}"
EndProject
Global
	GlobalSection(SolutionConfigurationPlatforms) = preSolution
		Debug|Any CPU = Debug|Any CPU
		Release|Any CPU = Release|Any CPU
	EndGlobalSection
	GlobalSection(ProjectConfigurationPlatforms) = postSolution
		{DC851A21-6727-42F3-AFBE-86F05C8A96DD}.Debug|Any CPU.ActiveCfg = Debug|Any CPU
		{DC851A21-6727-42F3-AFBE-86F05C8A96DD}.Debug|Any CPU.Build.0 = Debug|Any CPU
		{DC851A21-6727-42F3-AFBE-86F05C8A96DD}.Debug|Any CPU.Deploy.0 = Debug|Any CPU
		{DC851A21-6727-42F3-AFBE-86F05C8A96DD}.Release|Any CPU.ActiveCfg = Release|Any CPU
		{DC851A21-6727-42F3-AFBE-86F05C8A96DD}.Release|Any CPU.Build.0 = Release|Any CPU
		{DC851A21-6727-42F3-AFBE-86F05C8A96DD}.Release|Any CPU.Deploy.0 = Release|Any CPU
	EndGlobalSection
	GlobalSection(SolutionProperties) = preSolution
		HideSolutionNode = FALSE
	EndGlobalSection
EndGlobal
